
Microsoft Visual Studio Solution File, Format Version 12.00
# Visual Studio Version 17
VisualStudioVersion = 17.2.32602.215
MinimumVisualStudioVersion = 10.0.40219.1
Project("{9A19103F-16F7-4668-BE54-9A1E7A4F7556}") = "OBSWebsocketSerial", "OBSWebsocketSerial\OBSWebsocketSerial.csproj", "{FFDEC1DF-FBFC-441F-BCE6-E36E0D326C67}"
EndProject
Global
	GlobalSection(SolutionConfigurationPlatforms) = preSolution
		Debug|Any CPU = Debug|Any CPU
		Release|Any CPU = Release|Any CPU
	EndGlobalSection
	GlobalSection(ProjectConfigurationPlatforms) = postSolution
		{FFDEC1DF-FBFC-441F-BCE6-E36E0D326C67}.Debug|Any CPU.ActiveCfg = Debug|Any CPU
		{FFDEC1DF-FBFC-441F-BCE6-E36E0D326C67}.Debug|Any CPU.Build.0 = Debug|Any CPU
		{FFDEC1DF-FBFC-441F-BCE6-E36E0D326C67}.Release|Any CPU.ActiveCfg = Release|Any CPU
		{FFDEC1DF-FBFC-441F-BCE6-E36E0D326C67}.Release|Any CPU.Build.0 = Release|Any CPU
	EndGlobalSection
	GlobalSection(SolutionProperties) = preSolution
		HideSolutionNode = FALSE
	EndGlobalSection
	GlobalSection(ExtensibilityGlobals) = postSolution
		SolutionGuid = {BE82DAD8-5A13-4A8B-9CFB-AC2EB630FC8D}
	EndGlobalSection
EndGlobal
